{
  "name": "rapidstyle",
  "version": "1.0.0",
  "lockfileVersion": 2,
  "requires": true,
  "packages": {
    "": {
      "name": "rapidstyle",
      "version": "1.0.0",
      "license": "ISC",
      "dependencies": {
        "ascendcss": "^1.2.2"
      },
      "devDependencies": {}
    },
    "node_modules/ascendcss": {
      "version": "1.2.2",
      "resolved": "https://registry.npmjs.org/ascendcss/-/ascendcss-1.2.2.tgz",
      "integrity": "sha512-FtK8dXg39nWr5tSG8wrLJvnOSA0lA39sXmcQ0bk+54CaL2jj/dQekgnoOSS4actENhz5L/dFP9aXbwU1YbykWQ=="
    }
  },
  "dependencies": {
    "ascendcss": {
      "version": "1.2.2",
      "resolved": "https://registry.npmjs.org/ascendcss/-/ascendcss-1.2.2.tgz",
      "integrity": "sha512-FtK8dXg39nWr5tSG8wrLJvnOSA0lA39sXmcQ0bk+54CaL2jj/dQekgnoOSS4actENhz5L/dFP9aXbwU1YbykWQ=="
    }
  }
}
